// !$*UTF8*$!
{
	archiveVersion = 1;
	classes = {
	};
	objectVersion = 46;
	objects = {

/* Begin PBXBuildFile section */
		7A522FB6A0307B3CBA780C72 /* libPods.a in Frameworks */ = {isa = PBXBuildFile; fileRef = 37EEBC85A4EE22BED16B3133 /* libPods.a */; };
		BF31B38E1B394CAE00447EB9 /* SettingViewController.m in Sources */ = {isa = PBXBuildFile; fileRef = BF31B38D1B394CAE00447EB9 /* SettingViewController.m */; };
		BF31B3911B39546D00447EB9 /* HelpViewController.m in Sources */ = {isa = PBXBuildFile; fileRef = BF31B3901B39546D00447EB9 /* HelpViewController.m */; };
		BF48009B1B27F2D8007046B9 /* main.m in Sources */ = {isa = PBXBuildFile; fileRef = BF48009A1B27F2D8007046B9 /* main.m */; };
		BF48009E1B27F2D8007046B9 /* AppDelegate.m in Sources */ = {isa = PBXBuildFile; fileRef = BF48009D1B27F2D8007046B9 /* AppDelegate.m */; };
		BF4800A11B27F2D8007046B9 /* HomeViewController.m in Sources */ = {isa = PBXBuildFile; fileRef = BF4800A01B27F2D8007046B9 /* HomeViewController.m */; };
		BF4800A41B27F2D8007046B9 /* MessageViewController.m in Sources */ = {isa = PBXBuildFile; fileRef = BF4800A31B27F2D8007046B9 /* MessageViewController.m */; };
		BF4800A71B27F2D8007046B9 /* Main.storyboard in Resources */ = {isa = PBXBuildFile; fileRef = BF4800A51B27F2D8007046B9 /* Main.storyboard */; };
		BF4800A91B27F2D8007046B9 /* Images.xcassets in Resources */ = {isa = PBXBuildFile; fileRef = BF4800A81B27F2D8007046B9 /* Images.xcassets */; };
		BF4800AC1B27F2D8007046B9 /* LaunchScreen.xib in Resources */ = {isa = PBXBuildFile; fileRef = BF4800AA1B27F2D8007046B9 /* LaunchScreen.xib */; };
		BF4800B81B27F2D8007046B9 /* CSAcademyTests.m in Sources */ = {isa = PBXBuildFile; fileRef = BF4800B71B27F2D8007046B9 /* CSAcademyTests.m */; };
		BF84DF8C1B388C1E003359EA /* WebViewController.m in Sources */ = {isa = PBXBuildFile; fileRef = BF84DF8B1B388C1E003359EA /* WebViewController.m */; };
		BFABDB671B2803B50053DDDB /* LoginViewController.m in Sources */ = {isa = PBXBuildFile; fileRef = BFABDB661B2803B50053DDDB /* LoginViewController.m */; };
		BFABDB721B2816880053DDDB /* YDDownloadRequestOperation.m in Sources */ = {isa = PBXBuildFile; fileRef = BFABDB6C1B2816880053DDDB /* YDDownloadRequestOperation.m */; };
		BFABDB731B2816880053DDDB /* YDNetworkManager.m in Sources */ = {isa = PBXBuildFile; fileRef = BFABDB6F1B2816880053DDDB /* YDNetworkManager.m */; };
		BFABDB741B2816880053DDDB /* YDNetworkRequestOperation.m in Sources */ = {isa = PBXBuildFile; fileRef = BFABDB711B2816880053DDDB /* YDNetworkRequestOperation.m */; };
		BFABDB7A1B2840360053DDDB /* AES128Util.m in Sources */ = {isa = PBXBuildFile; fileRef = BFABDB791B2840360053DDDB /* AES128Util.m */; };
		BFABDB7D1B2841710053DDDB /* MeetingVideoDateListViewController.m in Sources */ = {isa = PBXBuildFile; fileRef = BFABDB7C1B2841710053DDDB /* MeetingVideoDateListViewController.m */; };
		BFABDB811B2842500053DDDB /* MeetingVideoDateListItem.m in Sources */ = {isa = PBXBuildFile; fileRef = BFABDB801B2842500053DDDB /* MeetingVideoDateListItem.m */; };
		BFABDB841B2847760053DDDB /* MeetingCategoryListController.m in Sources */ = {isa = PBXBuildFile; fileRef = BFABDB831B2847760053DDDB /* MeetingCategoryListController.m */; };
		BFABDB871B28478F0053DDDB /* MeetingCategoryListItem.m in Sources */ = {isa = PBXBuildFile; fileRef = BFABDB861B28478F0053DDDB /* MeetingCategoryListItem.m */; };
		BFABDB8D1B2849180053DDDB /* MeetingVideoListItem.m in Sources */ = {isa = PBXBuildFile; fileRef = BFABDB8C1B2849180053DDDB /* MeetingVideoListItem.m */; };
		BFABDB901B2849300053DDDB /* MeetingVideoListController.m in Sources */ = {isa = PBXBuildFile; fileRef = BFABDB8F1B2849300053DDDB /* MeetingVideoListController.m */; };
		BFABDB931B284F100053DDDB /* MeetingVideoController.m in Sources */ = {isa = PBXBuildFile; fileRef = BFABDB921B284F100053DDDB /* MeetingVideoController.m */; };
		BFABDBAD1B28958A0053DDDB /* HomeCellItem.m in Sources */ = {isa = PBXBuildFile; fileRef = BFABDBAC1B28958A0053DDDB /* HomeCellItem.m */; };
		BFABDBB31B28986A0053DDDB /* UITabBarController+Rotate.m in Sources */ = {isa = PBXBuildFile; fileRef = BFABDBB21B28986A0053DDDB /* UITabBarController+Rotate.m */; };
		BFD1640A1B27FE2600BABD09 /* MyViewController.m in Sources */ = {isa = PBXBuildFile; fileRef = BFD164091B27FE2600BABD09 /* MyViewController.m */; };
		BFD1643C1B28000C00BABD09 /* LTableViewCell.m in Sources */ = {isa = PBXBuildFile; fileRef = BFD164311B28000B00BABD09 /* LTableViewCell.m */; };
		BFD1643D1B28000C00BABD09 /* LTableViewCellItem.m in Sources */ = {isa = PBXBuildFile; fileRef = BFD164331B28000B00BABD09 /* LTableViewCellItem.m */; };
		BFD1643E1B28000C00BABD09 /* LTableViewController.m in Sources */ = {isa = PBXBuildFile; fileRef = BFD164351B28000B00BABD09 /* LTableViewController.m */; };
		BFD1643F1B28000C00BABD09 /* LViewController.m in Sources */ = {isa = PBXBuildFile; fileRef = BFD164381B28000B00BABD09 /* LViewController.m */; };
		BFD164401B28000C00BABD09 /* UIView+Sizes.m in Sources */ = {isa = PBXBuildFile; fileRef = BFD1643B1B28000B00BABD09 /* UIView+Sizes.m */; };
/* End PBXBuildFile section */

/* Begin PBXContainerItemProxy section */
		BF4800B21B27F2D8007046B9 /* PBXContainerItemProxy */ = {
			isa = PBXContainerItemProxy;
			containerPortal = BF48008D1B27F2D8007046B9 /* Project object */;
			proxyType = 1;
			remoteGlobalIDString = BF4800941B27F2D8007046B9;
			remoteInfo = CSAcademy;
		};
/* End PBXContainerItemProxy section */

/* Begin PBXFileReference section */
		043FE39C9B40A090D6B92031 /* Pods.release.xcconfig */ = {isa = PBXFileReference; includeInIndex = 1; lastKnownFileType = text.xcconfig; name = Pods.release.xcconfig; path = "Pods/Target Support Files/Pods/Pods.release.xcconfig"; sourceTree = "<group>"; };
		37EEBC85A4EE22BED16B3133 /* libPods.a */ = {isa = PBXFileReference; explicitFileType = archive.ar; includeInIndex = 0; path = libPods.a; sourceTree = BUILT_PRODUCTS_DIR; };
		6E7DF50CA3CA969291699E8D /* Pods.debug.xcconfig */ = {isa = PBXFileReference; includeInIndex = 1; lastKnownFileType = text.xcconfig; name = Pods.debug.xcconfig; path = "Pods/Target Support Files/Pods/Pods.debug.xcconfig"; sourceTree = "<group>"; };
		BF31B38C1B394CAE00447EB9 /* SettingViewController.h */ = {isa = PBXFileReference; fileEncoding = 4; lastKnownFileType = sourcecode.c.h; path = SettingViewController.h; sourceTree = "<group>"; };
		BF31B38D1B394CAE00447EB9 /* SettingViewController.m */ = {isa = PBXFileReference; fileEncoding = 4; lastKnownFileType = sourcecode.c.objc; path = SettingViewController.m; sourceTree = "<group>"; };
		BF31B38F1B39546D00447EB9 /* HelpViewController.h */ = {isa = PBXFileReference; fileEncoding = 4; lastKnownFileType = sourcecode.c.h; path = HelpViewController.h; sourceTree = "<group>"; };
		BF31B3901B39546D00447EB9 /* HelpViewController.m */ = {isa = PBXFileReference; fileEncoding = 4; lastKnownFileType = sourcecode.c.objc; path = HelpViewController.m; sourceTree = "<group>"; };
		BF4800951B27F2D8007046B9 /* CSAcademy.app */ = {isa = PBXFileReference; explicitFileType = wrapper.application; includeInIndex = 0; path = CSAcademy.app; sourceTree = BUILT_PRODUCTS_DIR; };
		BF4800991B27F2D8007046B9 /* Info.plist */ = {isa = PBXFileReference; lastKnownFileType = text.plist.xml; path = Info.plist; sourceTree = "<group>"; };
		BF48009A1B27F2D8007046B9 /* main.m */ = {isa = PBXFileReference; lastKnownFileType = sourcecode.c.objc; path = main.m; sourceTree = "<group>"; };
		BF48009C1B27F2D8007046B9 /* AppDelegate.h */ = {isa = PBXFileReference; lastKnownFileType = sourcecode.c.h; path = AppDelegate.h; sourceTree = "<group>"; };
		BF48009D1B27F2D8007046B9 /* AppDelegate.m */ = {isa = PBXFileReference; lastKnownFileType = sourcecode.c.objc; path = AppDelegate.m; sourceTree = "<group>"; };
		BF48009F1B27F2D8007046B9 /* HomeViewController.h */ = {isa = PBXFileReference; lastKnownFileType = sourcecode.c.h; path = HomeViewController.h; sourceTree = "<group>"; };
		BF4800A01B27F2D8007046B9 /* HomeViewController.m */ = {isa = PBXFileReference; lastKnownFileType = sourcecode.c.objc; path = HomeViewController.m; sourceTree = "<group>"; };
		BF4800A21B27F2D8007046B9 /* MessageViewController.h */ = {isa = PBXFileReference; lastKnownFileType = sourcecode.c.h; path = MessageViewController.h; sourceTree = "<group>"; };
		BF4800A31B27F2D8007046B9 /* MessageViewController.m */ = {isa = PBXFileReference; lastKnownFileType = sourcecode.c.objc; path = MessageViewController.m; sourceTree = "<group>"; };
		BF4800A61B27F2D8007046B9 /* Base */ = {isa = PBXFileReference; lastKnownFileType = file.storyboard; name = Base; path = Base.lproj/Main.storyboard; sourceTree = "<group>"; };
		BF4800A81B27F2D8007046B9 /* Images.xcassets */ = {isa = PBXFileReference; lastKnownFileType = folder.assetcatalog; path = Images.xcassets; sourceTree = "<group>"; };
		BF4800AB1B27F2D8007046B9 /* Base */ = {isa = PBXFileReference; lastKnownFileType = file.xib; name = Base; path = Base.lproj/LaunchScreen.xib; sourceTree = "<group>"; };
		BF4800B11B27F2D8007046B9 /* CSAcademyTests.xctest */ = {isa = PBXFileReference; explicitFileType = wrapper.cfbundle; includeInIndex = 0; path = CSAcademyTests.xctest; sourceTree = BUILT_PRODUCTS_DIR; };
		BF4800B61B27F2D8007046B9 /* Info.plist */ = {isa = PBXFileReference; lastKnownFileType = text.plist.xml; path = Info.plist; sourceTree = "<group>"; };
		BF4800B71B27F2D8007046B9 /* CSAcademyTests.m */ = {isa = PBXFileReference; lastKnownFileType = sourcecode.c.objc; path = CSAcademyTests.m; sourceTree = "<group>"; };
		BF84DF8A1B388C1E003359EA /* WebViewController.h */ = {isa = PBXFileReference; fileEncoding = 4; lastKnownFileType = sourcecode.c.h; path = WebViewController.h; sourceTree = "<group>"; };
		BF84DF8B1B388C1E003359EA /* WebViewController.m */ = {isa = PBXFileReference; fileEncoding = 4; lastKnownFileType = sourcecode.c.objc; path = WebViewController.m; sourceTree = "<group>"; };
		BFABDB651B2803B50053DDDB /* LoginViewController.h */ = {isa = PBXFileReference; fileEncoding = 4; lastKnownFileType = sourcecode.c.h; path = LoginViewController.h; sourceTree = "<group>"; };
		BFABDB661B2803B50053DDDB /* LoginViewController.m */ = {isa = PBXFileReference; fileEncoding = 4; lastKnownFileType = sourcecode.c.objc; path = LoginViewController.m; sourceTree = "<group>"; };
		BFABDB6B1B2816880053DDDB /* YDDownloadRequestOperation.h */ = {isa = PBXFileReference; fileEncoding = 4; lastKnownFileType = sourcecode.c.h; path = YDDownloadRequestOperation.h; sourceTree = "<group>"; };
		BFABDB6C1B2816880053DDDB /* YDDownloadRequestOperation.m */ = {isa = PBXFileReference; fileEncoding = 4; lastKnownFileType = sourcecode.c.objc; path = YDDownloadRequestOperation.m; sourceTree = "<group>"; };
		BFABDB6D1B2816880053DDDB /* YDNetworking.h */ = {isa = PBXFileReference; fileEncoding = 4; lastKnownFileType = sourcecode.c.h; path = YDNetworking.h; sourceTree = "<group>"; };
		BFABDB6E1B2816880053DDDB /* YDNetworkManager.h */ = {isa = PBXFileReference; fileEncoding = 4; lastKnownFileType = sourcecode.c.h; path = YDNetworkManager.h; sourceTree = "<group>"; };
		BFABDB6F1B2816880053DDDB /* YDNetworkManager.m */ = {isa = PBXFileReference; fileEncoding = 4; lastKnownFileType = sourcecode.c.objc; path = YDNetworkManager.m; sourceTree = "<group>"; };
		BFABDB701B2816880053DDDB /* YDNetworkRequestOperation.h */ = {isa = PBXFileReference; fileEncoding = 4; lastKnownFileType = sourcecode.c.h; path = YDNetworkRequestOperation.h; sourceTree = "<group>"; };
		BFABDB711B2816880053DDDB /* YDNetworkRequestOperation.m */ = {isa = PBXFileReference; fileEncoding = 4; lastKnownFileType = sourcecode.c.objc; path = YDNetworkRequestOperation.m; sourceTree = "<group>"; };
		BFABDB781B2840360053DDDB /* AES128Util.h */ = {isa = PBXFileReference; fileEncoding = 4; lastKnownFileType = sourcecode.c.h; path = AES128Util.h; sourceTree = "<group>"; };
		BFABDB791B2840360053DDDB /* AES128Util.m */ = {isa = PBXFileReference; fileEncoding = 4; lastKnownFileType = sourcecode.c.objc; path = AES128Util.m; sourceTree = "<group>"; };
		BFABDB7B1B2841710053DDDB /* MeetingVideoDateListViewController.h */ = {isa = PBXFileReference; fileEncoding = 4; lastKnownFileType = sourcecode.c.h; path = MeetingVideoDateListViewController.h; sourceTree = "<group>"; };
		BFABDB7C1B2841710053DDDB /* MeetingVideoDateListViewController.m */ = {isa = PBXFileReference; fileEncoding = 4; lastKnownFileType = sourcecode.c.objc; path = MeetingVideoDateListViewController.m; sourceTree = "<group>"; };
		BFABDB7F1B2842500053DDDB /* MeetingVideoDateListItem.h */ = {isa = PBXFileReference; fileEncoding = 4; lastKnownFileType = sourcecode.c.h; path = MeetingVideoDateListItem.h; sourceTree = "<group>"; };
		BFABDB801B2842500053DDDB /* MeetingVideoDateListItem.m */ = {isa = PBXFileReference; fileEncoding = 4; lastKnownFileType = sourcecode.c.objc; path = MeetingVideoDateListItem.m; sourceTree = "<group>"; };
		BFABDB821B2847750053DDDB /* MeetingCategoryListController.h */ = {isa = PBXFileReference; fileEncoding = 4; lastKnownFileType = sourcecode.c.h; path = MeetingCategoryListController.h; sourceTree = "<group>"; };
		BFABDB831B2847760053DDDB /* MeetingCategoryListController.m */ = {isa = PBXFileReference; fileEncoding = 4; lastKnownFileType = sourcecode.c.objc; path = MeetingCategoryListController.m; sourceTree = "<group>"; };
		BFABDB851B28478F0053DDDB /* MeetingCategoryListItem.h */ = {isa = PBXFileReference; fileEncoding = 4; lastKnownFileType = sourcecode.c.h; path = MeetingCategoryListItem.h; sourceTree = "<group>"; };
		BFABDB861B28478F0053DDDB /* MeetingCategoryListItem.m */ = {isa = PBXFileReference; fileEncoding = 4; lastKnownFileType = sourcecode.c.objc; path = MeetingCategoryListItem.m; sourceTree = "<group>"; };
		BFABDB8B1B2849180053DDDB /* MeetingVideoListItem.h */ = {isa = PBXFileReference; fileEncoding = 4; lastKnownFileType = sourcecode.c.h; path = MeetingVideoListItem.h; sourceTree = "<group>"; };
		BFABDB8C1B2849180053DDDB /* MeetingVideoListItem.m */ = {isa = PBXFileReference; fileEncoding = 4; lastKnownFileType = sourcecode.c.objc; path = MeetingVideoListItem.m; sourceTree = "<group>"; };
		BFABDB8E1B2849300053DDDB /* MeetingVideoListController.h */ = {isa = PBXFileReference; fileEncoding = 4; lastKnownFileType = sourcecode.c.h; path = MeetingVideoListController.h; sourceTree = "<group>"; };
		BFABDB8F1B2849300053DDDB /* MeetingVideoListController.m */ = {isa = PBXFileReference; fileEncoding = 4; lastKnownFileType = sourcecode.c.objc; path = MeetingVideoListController.m; sourceTree = "<group>"; };
		BFABDB911B284F100053DDDB /* MeetingVideoController.h */ = {isa = PBXFileReference; fileEncoding = 4; lastKnownFileType = sourcecode.c.h; path = MeetingVideoController.h; sourceTree = "<group>"; };
		BFABDB921B284F100053DDDB /* MeetingVideoController.m */ = {isa = PBXFileReference; fileEncoding = 4; lastKnownFileType = sourcecode.c.objc; path = MeetingVideoController.m; sourceTree = "<group>"; };
		BFABDBAB1B28958A0053DDDB /* HomeCellItem.h */ = {isa = PBXFileReference; fileEncoding = 4; lastKnownFileType = sourcecode.c.h; path = HomeCellItem.h; sourceTree = "<group>"; };
		BFABDBAC1B28958A0053DDDB /* HomeCellItem.m */ = {isa = PBXFileReference; fileEncoding = 4; lastKnownFileType = sourcecode.c.objc; path = HomeCellItem.m; sourceTree = "<group>"; };
		BFABDBB11B28986A0053DDDB /* UITabBarController+Rotate.h */ = {isa = PBXFileReference; fileEncoding = 4; lastKnownFileType = sourcecode.c.h; path = "UITabBarController+Rotate.h"; sourceTree = "<group>"; };
		BFABDBB21B28986A0053DDDB /* UITabBarController+Rotate.m */ = {isa = PBXFileReference; fileEncoding = 4; lastKnownFileType = sourcecode.c.objc; path = "UITabBarController+Rotate.m"; sourceTree = "<group>"; };
		BFD164081B27FE2600BABD09 /* MyViewController.h */ = {isa = PBXFileReference; fileEncoding = 4; lastKnownFileType = sourcecode.c.h; path = MyViewController.h; sourceTree = "<group>"; };
		BFD164091B27FE2600BABD09 /* MyViewController.m */ = {isa = PBXFileReference; fileEncoding = 4; lastKnownFileType = sourcecode.c.objc; path = MyViewController.m; sourceTree = "<group>"; };
		BFD164301B28000B00BABD09 /* LTableViewCell.h */ = {isa = PBXFileReference; fileEncoding = 4; lastKnownFileType = sourcecode.c.h; path = LTableViewCell.h; sourceTree = "<group>"; };
		BFD164311B28000B00BABD09 /* LTableViewCell.m */ = {isa = PBXFileReference; fileEncoding = 4; lastKnownFileType = sourcecode.c.objc; path = LTableViewCell.m; sourceTree = "<group>"; };
		BFD164321B28000B00BABD09 /* LTableViewCellItem.h */ = {isa = PBXFileReference; fileEncoding = 4; lastKnownFileType = sourcecode.c.h; path = LTableViewCellItem.h; sourceTree = "<group>"; };
		BFD164331B28000B00BABD09 /* LTableViewCellItem.m */ = {isa = PBXFileReference; fileEncoding = 4; lastKnownFileType = sourcecode.c.objc; path = LTableViewCellItem.m; sourceTree = "<group>"; };
		BFD164341B28000B00BABD09 /* LTableViewController.h */ = {isa = PBXFileReference; fileEncoding = 4; lastKnownFileType = sourcecode.c.h; path = LTableViewController.h; sourceTree = "<group>"; };
		BFD164351B28000B00BABD09 /* LTableViewController.m */ = {isa = PBXFileReference; fileEncoding = 4; lastKnownFileType = sourcecode.c.objc; path = LTableViewController.m; sourceTree = "<group>"; };
		BFD164361B28000B00BABD09 /* LTableViewDelegate.h */ = {isa = PBXFileReference; fileEncoding = 4; lastKnownFileType = sourcecode.c.h; path = LTableViewDelegate.h; sourceTree = "<group>"; };
		BFD164371B28000B00BABD09 /* LViewController.h */ = {isa = PBXFileReference; fileEncoding = 4; lastKnownFileType = sourcecode.c.h; path = LViewController.h; sourceTree = "<group>"; };
		BFD164381B28000B00BABD09 /* LViewController.m */ = {isa = PBXFileReference; fileEncoding = 4; lastKnownFileType = sourcecode.c.objc; path = LViewController.m; sourceTree = "<group>"; };
		BFD164391B28000B00BABD09 /* MacroHelper.h */ = {isa = PBXFileReference; fileEncoding = 4; lastKnownFileType = sourcecode.c.h; path = MacroHelper.h; sourceTree = "<group>"; };
		BFD1643A1B28000B00BABD09 /* UIView+Sizes.h */ = {isa = PBXFileReference; fileEncoding = 4; lastKnownFileType = sourcecode.c.h; path = "UIView+Sizes.h"; sourceTree = "<group>"; };
		BFD1643B1B28000B00BABD09 /* UIView+Sizes.m */ = {isa = PBXFileReference; fileEncoding = 4; lastKnownFileType = sourcecode.c.objc; path = "UIView+Sizes.m"; sourceTree = "<group>"; };
		BFD164411B2800C300BABD09 /* CSAcademy-prefix.pch */ = {isa = PBXFileReference; fileEncoding = 4; lastKnownFileType = sourcecode.c.h; path = "CSAcademy-prefix.pch"; sourceTree = "<group>"; };
/* End PBXFileReference section */

/* Begin PBXFrameworksBuildPhase section */
		BF4800921B27F2D8007046B9 /* Frameworks */ = {
			isa = PBXFrameworksBuildPhase;
			buildActionMask = 2147483647;
			files = (
				7A522FB6A0307B3CBA780C72 /* libPods.a in Frameworks */,
			);
			runOnlyForDeploymentPostprocessing = 0;
		};
		BF4800AE1B27F2D8007046B9 /* Frameworks */ = {
			isa = PBXFrameworksBuildPhase;
			buildActionMask = 2147483647;
			files = (
			);
			runOnlyForDeploymentPostprocessing = 0;
		};
/* End PBXFrameworksBuildPhase section */

/* Begin PBXGroup section */
		0D68B9E9595C296B41172AF4 /* Pods */ = {
			isa = PBXGroup;
			children = (
				6E7DF50CA3CA969291699E8D /* Pods.debug.xcconfig */,
				043FE39C9B40A090D6B92031 /* Pods.release.xcconfig */,
			);
			name = Pods;
			sourceTree = "<group>";
		};
		BF31B38B1B394C9700447EB9 /* SettingViewController */ = {
			isa = PBXGroup;
			children = (
				BF31B38C1B394CAE00447EB9 /* SettingViewController.h */,
				BF31B38D1B394CAE00447EB9 /* SettingViewController.m */,
				BF31B38F1B39546D00447EB9 /* HelpViewController.h */,
				BF31B3901B39546D00447EB9 /* HelpViewController.m */,
			);
			name = SettingViewController;
			sourceTree = "<group>";
		};
		BF48008C1B27F2D8007046B9 = {
			isa = PBXGroup;
			children = (
				BF4800971B27F2D8007046B9 /* CSAcademy */,
				BF4800B41B27F2D8007046B9 /* CSAcademyTests */,
				BF4800961B27F2D8007046B9 /* Products */,
				0D68B9E9595C296B41172AF4 /* Pods */,
				F2000EB59693504AFF7F7093 /* Frameworks */,
			);
			sourceTree = "<group>";
		};
		BF4800961B27F2D8007046B9 /* Products */ = {
			isa = PBXGroup;
			children = (
				BF4800951B27F2D8007046B9 /* CSAcademy.app */,
				BF4800B11B27F2D8007046B9 /* CSAcademyTests.xctest */,
			);
			name = Products;
			sourceTree = "<group>";
		};
		BF4800971B27F2D8007046B9 /* CSAcademy */ = {
			isa = PBXGroup;
			children = (
				BFABDBA51B2893AC0053DDDB /* View */,
				BFABDB7E1B2842090053DDDB /* Model */,
				BFABDB771B2840210053DDDB /* Helper */,
				BFD1642F1B28000B00BABD09 /* Base */,
				BFABDB681B2803C00053DDDB /* Controller */,
				BFABDB691B2803D70053DDDB /* Source */,
				BF4800981B27F2D8007046B9 /* Supporting Files */,
			);
			path = CSAcademy;
			sourceTree = "<group>";
		};
		BF4800981B27F2D8007046B9 /* Supporting Files */ = {
			isa = PBXGroup;
			children = (
				BF4800991B27F2D8007046B9 /* Info.plist */,
				BF48009A1B27F2D8007046B9 /* main.m */,
			);
			name = "Supporting Files";
			sourceTree = "<group>";
		};
		BF4800B41B27F2D8007046B9 /* CSAcademyTests */ = {
			isa = PBXGroup;
			children = (
				BF4800B71B27F2D8007046B9 /* CSAcademyTests.m */,
				BF4800B51B27F2D8007046B9 /* Supporting Files */,
			);
			path = CSAcademyTests;
			sourceTree = "<group>";
		};
		BF4800B51B27F2D8007046B9 /* Supporting Files */ = {
			isa = PBXGroup;
			children = (
				BF4800B61B27F2D8007046B9 /* Info.plist */,
			);
			name = "Supporting Files";
			sourceTree = "<group>";
		};
		BFABDB681B2803C00053DDDB /* Controller */ = {
			isa = PBXGroup;
			children = (
				BF31B38B1B394C9700447EB9 /* SettingViewController */,
				BFABDB941B286F4E0053DDDB /* HomeViewController */,
				BFABDB961B286F8F0053DDDB /* MessageViewController */,
				BFABDB971B286FBD0053DDDB /* MyViewController */,
				BFABDB981B286FD00053DDDB /* LoginViewController */,
				BFABDBB11B28986A0053DDDB /* UITabBarController+Rotate.h */,
				BFABDBB21B28986A0053DDDB /* UITabBarController+Rotate.m */,
			);
			name = Controller;
			sourceTree = "<group>";
		};
		BFABDB691B2803D70053DDDB /* Source */ = {
			isa = PBXGroup;
			children = (
				BFD164411B2800C300BABD09 /* CSAcademy-prefix.pch */,
				BF48009C1B27F2D8007046B9 /* AppDelegate.h */,
				BF48009D1B27F2D8007046B9 /* AppDelegate.m */,
				BF4800A51B27F2D8007046B9 /* Main.storyboard */,
				BF4800A81B27F2D8007046B9 /* Images.xcassets */,
				BF4800AA1B27F2D8007046B9 /* LaunchScreen.xib */,
			);
			name = Source;
			sourceTree = "<group>";
		};
		BFABDB6A1B2816880053DDDB /* YDNetwork */ = {
			isa = PBXGroup;
			children = (
				BFABDB6B1B2816880053DDDB /* YDDownloadRequestOperation.h */,
				BFABDB6C1B2816880053DDDB /* YDDownloadRequestOperation.m */,
				BFABDB6D1B2816880053DDDB /* YDNetworking.h */,
				BFABDB6E1B2816880053DDDB /* YDNetworkManager.h */,
				BFABDB6F1B2816880053DDDB /* YDNetworkManager.m */,
				BFABDB701B2816880053DDDB /* YDNetworkRequestOperation.h */,
				BFABDB711B2816880053DDDB /* YDNetworkRequestOperation.m */,
			);
			path = YDNetwork;
			sourceTree = "<group>";
		};
		BFABDB771B2840210053DDDB /* Helper */ = {
			isa = PBXGroup;
			children = (
				BFABDB781B2840360053DDDB /* AES128Util.h */,
				BFABDB791B2840360053DDDB /* AES128Util.m */,
			);
			name = Helper;
			sourceTree = "<group>";
		};
		BFABDB7E1B2842090053DDDB /* Model */ = {
			isa = PBXGroup;
			children = (
				BFABDB7F1B2842500053DDDB /* MeetingVideoDateListItem.h */,
				BFABDB801B2842500053DDDB /* MeetingVideoDateListItem.m */,
				BFABDB851B28478F0053DDDB /* MeetingCategoryListItem.h */,
				BFABDB861B28478F0053DDDB /* MeetingCategoryListItem.m */,
				BFABDB8B1B2849180053DDDB /* MeetingVideoListItem.h */,
				BFABDB8C1B2849180053DDDB /* MeetingVideoListItem.m */,
				BFABDBAB1B28958A0053DDDB /* HomeCellItem.h */,
				BFABDBAC1B28958A0053DDDB /* HomeCellItem.m */,
			);
			name = Model;
			sourceTree = "<group>";
		};
		BFABDB941B286F4E0053DDDB /* HomeViewController */ = {
			isa = PBXGroup;
			children = (
				BFABDB951B286F770053DDDB /* DetailVC */,
				BF48009F1B27F2D8007046B9 /* HomeViewController.h */,
				BF4800A01B27F2D8007046B9 /* HomeViewController.m */,
				BF84DF8A1B388C1E003359EA /* WebViewController.h */,
				BF84DF8B1B388C1E003359EA /* WebViewController.m */,
			);
			name = HomeViewController;
			sourceTree = "<group>";
		};
		BFABDB951B286F770053DDDB /* DetailVC */ = {
			isa = PBXGroup;
			children = (
				BFABDB821B2847750053DDDB /* MeetingCategoryListController.h */,
				BFABDB831B2847760053DDDB /* MeetingCategoryListController.m */,
				BFABDB7B1B2841710053DDDB /* MeetingVideoDateListViewController.h */,
				BFABDB7C1B2841710053DDDB /* MeetingVideoDateListViewController.m */,
				BFABDB8E1B2849300053DDDB /* MeetingVideoListController.h */,
				BFABDB8F1B2849300053DDDB /* MeetingVideoListController.m */,
				BFABDB911B284F100053DDDB /* MeetingVideoController.h */,
				BFABDB921B284F100053DDDB /* MeetingVideoController.m */,
			);
			name = DetailVC;
			sourceTree = "<group>";
		};
		BFABDB961B286F8F0053DDDB /* MessageViewController */ = {
			isa = PBXGroup;
			children = (
				BF4800A21B27F2D8007046B9 /* MessageViewController.h */,
				BF4800A31B27F2D8007046B9 /* MessageViewController.m */,
			);
			name = MessageViewController;
			sourceTree = "<group>";
		};
		BFABDB971B286FBD0053DDDB /* MyViewController */ = {
			isa = PBXGroup;
			children = (
				BFD164081B27FE2600BABD09 /* MyViewController.h */,
				BFD164091B27FE2600BABD09 /* MyViewController.m */,
			);
			name = MyViewController;
			sourceTree = "<group>";
		};
		BFABDB981B286FD00053DDDB /* LoginViewController */ = {
			isa = PBXGroup;
			children = (
				BFABDB651B2803B50053DDDB /* LoginViewController.h */,
				BFABDB661B2803B50053DDDB /* LoginViewController.m */,
			);
			name = LoginViewController;
			sourceTree = "<group>";
		};
		BFABDBA51B2893AC0053DDDB /* View */ = {
			isa = PBXGroup;
			children = (
			);
			name = View;
			sourceTree = "<group>";
		};
		BFD1642F1B28000B00BABD09 /* Base */ = {
			isa = PBXGroup;
			children = (
				BFABDB6A1B2816880053DDDB /* YDNetwork */,
				BFD164301B28000B00BABD09 /* LTableViewCell.h */,
				BFD164311B28000B00BABD09 /* LTableViewCell.m */,
				BFD164321B28000B00BABD09 /* LTableViewCellItem.h */,
				BFD164331B28000B00BABD09 /* LTableViewCellItem.m */,
				BFD164341B28000B00BABD09 /* LTableViewController.h */,
				BFD164351B28000B00BABD09 /* LTableViewController.m */,
				BFD164361B28000B00BABD09 /* LTableViewDelegate.h */,
				BFD164371B28000B00BABD09 /* LViewController.h */,
				BFD164381B28000B00BABD09 /* LViewController.m */,
				BFD164391B28000B00BABD09 /* MacroHelper.h */,
				BFD1643A1B28000B00BABD09 /* UIView+Sizes.h */,
				BFD1643B1B28000B00BABD09 /* UIView+Sizes.m */,
			);
			path = Base;
			sourceTree = "<group>";
		};
		F2000EB59693504AFF7F7093 /* Frameworks */ = {
			isa = PBXGroup;
			children = (
				37EEBC85A4EE22BED16B3133 /* libPods.a */,
			);
			name = Frameworks;
			sourceTree = "<group>";
		};
/* End PBXGroup section */

/* Begin PBXNativeTarget section */
		BF4800941B27F2D8007046B9 /* CSAcademy */ = {
			isa = PBXNativeTarget;
			buildConfigurationList = BF4800BB1B27F2D8007046B9 /* Build configuration list for PBXNativeTarget "CSAcademy" */;
			buildPhases = (
				448BCB36749701D61A0A1210 /* Check Pods Manifest.lock */,
				BF4800911B27F2D8007046B9 /* Sources */,
				BF4800921B27F2D8007046B9 /* Frameworks */,
				BF4800931B27F2D8007046B9 /* Resources */,
				FE11383CAAF41C6DEEBD2262 /* Copy Pods Resources */,
			);
			buildRules = (
			);
			dependencies = (
			);
			name = CSAcademy;
			productName = CSAcademy;
			productReference = BF4800951B27F2D8007046B9 /* CSAcademy.app */;
			productType = "com.apple.product-type.application";
		};
		BF4800B01B27F2D8007046B9 /* CSAcademyTests */ = {
			isa = PBXNativeTarget;
			buildConfigurationList = BF4800BE1B27F2D8007046B9 /* Build configuration list for PBXNativeTarget "CSAcademyTests" */;
			buildPhases = (
				BF4800AD1B27F2D8007046B9 /* Sources */,
				BF4800AE1B27F2D8007046B9 /* Frameworks */,
				BF4800AF1B27F2D8007046B9 /* Resources */,
			);
			buildRules = (
			);
			dependencies = (
				BF4800B31B27F2D8007046B9 /* PBXTargetDependency */,
			);
			name = CSAcademyTests;
			productName = CSAcademyTests;
			productReference = BF4800B11B27F2D8007046B9 /* CSAcademyTests.xctest */;
			productType = "com.apple.product-type.bundle.unit-test";
		};
/* End PBXNativeTarget section */

/* Begin PBXProject section */
		BF48008D1B27F2D8007046B9 /* Project object */ = {
			isa = PBXProject;
			attributes = {
				LastUpgradeCheck = 0630;
				ORGANIZATIONNAME = liuty;
				TargetAttributes = {
					BF4800941B27F2D8007046B9 = {
						CreatedOnToolsVersion = 6.3.1;
						DevelopmentTeam = HUW3H8NBU9;
					};
					BF4800B01B27F2D8007046B9 = {
						CreatedOnToolsVersion = 6.3.1;
						TestTargetID = BF4800941B27F2D8007046B9;
					};
				};
			};
			buildConfigurationList = BF4800901B27F2D8007046B9 /* Build configuration list for PBXProject "CSAcademy" */;
			compatibilityVersion = "Xcode 3.2";
			developmentRegion = English;
			hasScannedForEncodings = 0;
			knownRegions = (
				en,
				Base,
			);
			mainGroup = BF48008C1B27F2D8007046B9;
			productRefGroup = BF4800961B27F2D8007046B9 /* Products */;
			projectDirPath = "";
			projectRoot = "";
			targets = (
				BF4800941B27F2D8007046B9 /* CSAcademy */,
				BF4800B01B27F2D8007046B9 /* CSAcademyTests */,
			);
		};
/* End PBXProject section */

/* Begin PBXResourcesBuildPhase section */
		BF4800931B27F2D8007046B9 /* Resources */ = {
			isa = PBXResourcesBuildPhase;
			buildActionMask = 2147483647;
			files = (
				BF4800A71B27F2D8007046B9 /* Main.storyboard in Resources */,
				BF4800AC1B27F2D8007046B9 /* LaunchScreen.xib in Resources */,
				BF4800A91B27F2D8007046B9 /* Images.xcassets in Resources */,
			);
			runOnlyForDeploymentPostprocessing = 0;
		};
		BF4800AF1B27F2D8007046B9 /* Resources */ = {
			isa = PBXResourcesBuildPhase;
			buildActionMask = 2147483647;
			files = (
			);
			runOnlyForDeploymentPostprocessing = 0;
		};
/* End PBXResourcesBuildPhase section */

/* Begin PBXShellScriptBuildPhase section */
		448BCB36749701D61A0A1210 /* Check Pods Manifest.lock */ = {
			isa = PBXShellScriptBuildPhase;
			buildActionMask = 2147483647;
			files = (
			);
			inputPaths = (
			);
			name = "Check Pods Manifest.lock";
			outputPaths = (
			);
			runOnlyForDeploymentPostprocessing = 0;
			shellPath = /bin/sh;
			shellScript = "diff \"${PODS_ROOT}/../Podfile.lock\" \"${PODS_ROOT}/Manifest.lock\" > /dev/null\nif [[ $? != 0 ]] ; then\n    cat << EOM\nerror: The sandbox is not in sync with the Podfile.lock. Run 'pod install' or update your CocoaPods installation.\nEOM\n    exit 1\nfi\n";
			showEnvVarsInLog = 0;
		};
		FE11383CAAF41C6DEEBD2262 /* Copy Pods Resources */ = {
			isa = PBXShellScriptBuildPhase;
			buildActionMask = 2147483647;
			files = (
			);
			inputPaths = (
			);
			name = "Copy Pods Resources";
			outputPaths = (
			);
			runOnlyForDeploymentPostprocessing = 0;
			shellPath = /bin/sh;
			shellScript = "\"${SRCROOT}/Pods/Target Support Files/Pods/Pods-resources.sh\"\n";
			showEnvVarsInLog = 0;
		};
/* End PBXShellScriptBuildPhase section */

/* Begin PBXSourcesBuildPhase section */
		BF4800911B27F2D8007046B9 /* Sources */ = {
			isa = PBXSourcesBuildPhase;
			buildActionMask = 2147483647;
			files = (
				BF4800A41B27F2D8007046B9 /* MessageViewController.m in Sources */,
				BFABDBAD1B28958A0053DDDB /* HomeCellItem.m in Sources */,
				BF48009E1B27F2D8007046B9 /* AppDelegate.m in Sources */,
				BFD1640A1B27FE2600BABD09 /* MyViewController.m in Sources */,
				BFABDB841B2847760053DDDB /* MeetingCategoryListController.m in Sources */,
				BFD164401B28000C00BABD09 /* UIView+Sizes.m in Sources */,
				BFABDB871B28478F0053DDDB /* MeetingCategoryListItem.m in Sources */,
				BF4800A11B27F2D8007046B9 /* HomeViewController.m in Sources */,
				BFABDB741B2816880053DDDB /* YDNetworkRequestOperation.m in Sources */,
				BFD1643F1B28000C00BABD09 /* LViewController.m in Sources */,
				BFD1643E1B28000C00BABD09 /* LTableViewController.m in Sources */,
				BFABDB7D1B2841710053DDDB /* MeetingVideoDateListViewController.m in Sources */,
				BFD1643D1B28000C00BABD09 /* LTableViewCellItem.m in Sources */,
				BFABDB8D1B2849180053DDDB /* MeetingVideoListItem.m in Sources */,
				BFABDBB31B28986A0053DDDB /* UITabBarController+Rotate.m in Sources */,
				BF31B38E1B394CAE00447EB9 /* SettingViewController.m in Sources */,
				BF31B3911B39546D00447EB9 /* HelpViewController.m in Sources */,
				BFABDB901B2849300053DDDB /* MeetingVideoListController.m in Sources */,
				BFABDB731B2816880053DDDB /* YDNetworkManager.m in Sources */,
				BFABDB931B284F100053DDDB /* MeetingVideoController.m in Sources */,
				BFD1643C1B28000C00BABD09 /* LTableViewCell.m in Sources */,
				BFABDB671B2803B50053DDDB /* LoginViewController.m in Sources */,
				BFABDB811B2842500053DDDB /* MeetingVideoDateListItem.m in Sources */,
				BF84DF8C1B388C1E003359EA /* WebViewController.m in Sources */,
				BFABDB721B2816880053DDDB /* YDDownloadRequestOperation.m in Sources */,
				BF48009B1B27F2D8007046B9 /* main.m in Sources */,
				BFABDB7A1B2840360053DDDB /* AES128Util.m in Sources */,
			);
			runOnlyForDeploymentPostprocessing = 0;
		};
		BF4800AD1B27F2D8007046B9 /* Sources */ = {
			isa = PBXSourcesBuildPhase;
			buildActionMask = 2147483647;
			files = (
				BF4800B81B27F2D8007046B9 /* CSAcademyTests.m in Sources */,
			);
			runOnlyForDeploymentPostprocessing = 0;
		};
/* End PBXSourcesBuildPhase section */

/* Begin PBXTargetDependency section */
		BF4800B31B27F2D8007046B9 /* PBXTargetDependency */ = {
			isa = PBXTargetDependency;
			target = BF4800941B27F2D8007046B9 /* CSAcademy */;
			targetProxy = BF4800B21B27F2D8007046B9 /* PBXContainerItemProxy */;
		};
/* End PBXTargetDependency section */

/* Begin PBXVariantGroup section */
		BF4800A51B27F2D8007046B9 /* Main.storyboard */ = {
			isa = PBXVariantGroup;
			children = (
				BF4800A61B27F2D8007046B9 /* Base */,
			);
			name = Main.storyboard;
			sourceTree = "<group>";
		};
		BF4800AA1B27F2D8007046B9 /* LaunchScreen.xib */ = {
			isa = PBXVariantGroup;
			children = (
				BF4800AB1B27F2D8007046B9 /* Base */,
			);
			name = LaunchScreen.xib;
			sourceTree = "<group>";
		};
/* End PBXVariantGroup section */

/* Begin XCBuildConfiguration section */
		BF4800B91B27F2D8007046B9 /* Debug */ = {
			isa = XCBuildConfiguration;
			buildSettings = {
				ALWAYS_SEARCH_USER_PATHS = NO;
				CLANG_CXX_LANGUAGE_STANDARD = "gnu++0x";
				CLANG_CXX_LIBRARY = "libc++";
				CLANG_ENABLE_MODULES = YES;
				CLANG_ENABLE_OBJC_ARC = YES;
				CLANG_WARN_BOOL_CONVERSION = YES;
				CLANG_WARN_CONSTANT_CONVERSION = YES;
				CLANG_WARN_DIRECT_OBJC_ISA_USAGE = YES_ERROR;
				CLANG_WARN_EMPTY_BODY = YES;
				CLANG_WARN_ENUM_CONVERSION = YES;
				CLANG_WARN_INT_CONVERSION = YES;
				CLANG_WARN_OBJC_ROOT_CLASS = YES_ERROR;
				CLANG_WARN_UNREACHABLE_CODE = YES;
				CLANG_WARN__DUPLICATE_METHOD_MATCH = YES;
				"CODE_SIGN_IDENTITY[sdk=iphoneos*]" = "iPhone Developer";
				COPY_PHASE_STRIP = NO;
				DEBUG_INFORMATION_FORMAT = "dwarf-with-dsym";
				ENABLE_STRICT_OBJC_MSGSEND = YES;
				GCC_C_LANGUAGE_STANDARD = gnu99;
				GCC_DYNAMIC_NO_PIC = NO;
				GCC_NO_COMMON_BLOCKS = YES;
				GCC_OPTIMIZATION_LEVEL = 0;
				GCC_PREPROCESSOR_DEFINITIONS = (
					"DEBUG=1",
					"$(inherited)",
				);
				GCC_SYMBOLS_PRIVATE_EXTERN = NO;
				GCC_WARN_64_TO_32_BIT_CONVERSION = YES;
				GCC_WARN_ABOUT_RETURN_TYPE = YES_ERROR;
				GCC_WARN_UNDECLARED_SELECTOR = YES;
				GCC_WARN_UNINITIALIZED_AUTOS = YES_AGGRESSIVE;
				GCC_WARN_UNUSED_FUNCTION = YES;
				GCC_WARN_UNUSED_VARIABLE = YES;
				IPHONEOS_DEPLOYMENT_TARGET = 8.3;
				MTL_ENABLE_DEBUG_INFO = YES;
				ONLY_ACTIVE_ARCH = YES;
				SDKROOT = iphoneos;
			};
			name = Debug;
		};
		BF4800BA1B27F2D8007046B9 /* Release */ = {
			isa = XCBuildConfiguration;
			buildSettings = {
				ALWAYS_SEARCH_USER_PATHS = NO;
				CLANG_CXX_LANGUAGE_STANDARD = "gnu++0x";
				CLANG_CXX_LIBRARY = "libc++";
				CLANG_ENABLE_MODULES = YES;
				CLANG_ENABLE_OBJC_ARC = YES;
				CLANG_WARN_BOOL_CONVERSION = YES;
				CLANG_WARN_CONSTANT_CONVERSION = YES;
				CLANG_WARN_DIRECT_OBJC_ISA_USAGE = YES_ERROR;
				CLANG_WARN_EMPTY_BODY = YES;
				CLANG_WARN_ENUM_CONVERSION = YES;
				CLANG_WARN_INT_CONVERSION = YES;
				CLANG_WARN_OBJC_ROOT_CLASS = YES_ERROR;
				CLANG_WARN_UNREACHABLE_CODE = YES;
				CLANG_WARN__DUPLICATE_METHOD_MATCH = YES;
				"CODE_SIGN_IDENTITY[sdk=iphoneos*]" = "iPhone Developer";
				COPY_PHASE_STRIP = NO;
				DEBUG_INFORMATION_FORMAT = "dwarf-with-dsym";
				ENABLE_NS_ASSERTIONS = NO;
				ENABLE_STRICT_OBJC_MSGSEND = YES;
				GCC_C_LANGUAGE_STANDARD = gnu99;
				GCC_NO_COMMON_BLOCKS = YES;
				GCC_WARN_64_TO_32_BIT_CONVERSION = YES;
				GCC_WARN_ABOUT_RETURN_TYPE = YES_ERROR;
				GCC_WARN_UNDECLARED_SELECTOR = YES;
				GCC_WARN_UNINITIALIZED_AUTOS = YES_AGGRESSIVE;
				GCC_WARN_UNUSED_FUNCTION = YES;
				GCC_WARN_UNUSED_VARIABLE = YES;
				IPHONEOS_DEPLOYMENT_TARGET = 8.3;
				MTL_ENABLE_DEBUG_INFO = NO;
				SDKROOT = iphoneos;
				VALIDATE_PRODUCT = YES;
			};
			name = Release;
		};
		BF4800BC1B27F2D8007046B9 /* Debug */ = {
			isa = XCBuildConfiguration;
			baseConfigurationReference = 6E7DF50CA3CA969291699E8D /* Pods.debug.xcconfig */;
			buildSettings = {
				ASSETCATALOG_COMPILER_APPICON_NAME = AppIcon;
				CODE_SIGN_IDENTITY = "iPhone Developer";
				"CODE_SIGN_IDENTITY[sdk=iphoneos*]" = "iPhone Developer: guo meisong (YWG37ZD2UL)";
				GCC_PRECOMPILE_PREFIX_HEADER = YES;
				GCC_PREFIX_HEADER = "${PROJECT_DIR}/CSAcademy/CSAcademy-prefix.pch";
				INFOPLIST_FILE = CSAcademy/Info.plist;
				IPHONEOS_DEPLOYMENT_TARGET = 7.0;
				LD_RUNPATH_SEARCH_PATHS = "$(inherited) @executable_path/Frameworks";
				PRODUCT_NAME = "$(TARGET_NAME)";
				PROVISIONING_PROFILE = "db5aea14-2cea-4da2-acf0-b709f73b79dd";
			};
			name = Debug;
		};
		BF4800BD1B27F2D8007046B9 /* Release */ = {
			isa = XCBuildConfiguration;
			baseConfigurationReference = 043FE39C9B40A090D6B92031 /* Pods.release.xcconfig */;
			buildSettings = {
				ASSETCATALOG_COMPILER_APPICON_NAME = AppIcon;
				CODE_SIGN_IDENTITY = "iPhone Developer";
				"CODE_SIGN_IDENTITY[sdk=iphoneos*]" = "iPhone Developer";
				GCC_PRECOMPILE_PREFIX_HEADER = YES;
				GCC_PREFIX_HEADER = "${PROJECT_DIR}/CSAcademy/CSAcademy-prefix.pch";
				INFOPLIST_FILE = CSAcademy/Info.plist;
				IPHONEOS_DEPLOYMENT_TARGET = 7.0;
				LD_RUNPATH_SEARCH_PATHS = "$(inherited) @executable_path/Frameworks";
				PRODUCT_NAME = "$(TARGET_NAME)";
				PROVISIONING_PROFILE = "";
			};
			name = Release;
		};
		BF4800BF1B27F2D8007046B9 /* Debug */ = {
			isa = XCBuildConfiguration;
			buildSettings = {
				BUNDLE_LOADER = "$(TEST_HOST)";
				FRAMEWORK_SEARCH_PATHS = (
					"$(SDKROOT)/Developer/Library/Frameworks",
					"$(inherited)",
				);
				GCC_PREPROCESSOR_DEFINITIONS = (
					"DEBUG=1",
					"$(inherited)",
				);
				INFOPLIST_FILE = CSAcademyTests/Info.plist;
				LD_RUNPATH_SEARCH_PATHS = "$(inherited) @executable_path/Frameworks @loader_path/Frameworks";
				PRODUCT_NAME = "$(TARGET_NAME)";
				TEST_HOST = "$(BUILT_PRODUCTS_DIR)/CSAcademy.app/CSAcademy";
			};
			name = Debug;
		};
		BF4800C01B27F2D8007046B9 /* Release */ = {
			isa = XCBuildConfiguration;
			buildSettings = {
				BUNDLE_LOADER = "$(TEST_HOST)";
				FRAMEWORK_SEARCH_PATHS = (
					"$(SDKROOT)/Developer/Library/Frameworks",
					"$(inherited)",
				);
				INFOPLIST_FILE = CSAcademyTests/Info.plist;
				LD_RUNPATH_SEARCH_PATHS = "$(inherited) @executable_path/Frameworks @loader_path/Frameworks";
				PRODUCT_NAME = "$(TARGET_NAME)";
				TEST_HOST = "$(BUILT_PRODUCTS_DIR)/CSAcademy.app/CSAcademy";
			};
			name = Release;
		};
/* End XCBuildConfiguration section */

/* Begin XCConfigurationList section */
		BF4800901B27F2D8007046B9 /* Build configuration list for PBXProject "CSAcademy" */ = {
			isa = XCConfigurationList;
			buildConfigurations = (
				BF4800B91B27F2D8007046B9 /* Debug */,
				BF4800BA1B27F2D8007046B9 /* Release */,
			);
			defaultConfigurationIsVisible = 0;
			defaultConfigurationName = Release;
		};
		BF4800BB1B27F2D8007046B9 /* Build configuration list for PBXNativeTarget "CSAcademy" */ = {
			isa = XCConfigurationList;
			buildConfigurations = (
				BF4800BC1B27F2D8007046B9 /* Debug */,
				BF4800BD1B27F2D8007046B9 /* Release */,
			);
			defaultConfigurationIsVisible = 0;
			defaultConfigurationName = Release;
		};
		BF4800BE1B27F2D8007046B9 /* Build configuration list for PBXNativeTarget "CSAcademyTests" */ = {
			isa = XCConfigurationList;
			buildConfigurations = (
				BF4800BF1B27F2D8007046B9 /* Debug */,
				BF4800C01B27F2D8007046B9 /* Release */,
			);
			defaultConfigurationIsVisible = 0;
			defaultConfigurationName = Release;
		};
/* End XCConfigurationList section */
	};
	rootObject = BF48008D1B27F2D8007046B9 /* Project object */;
}
